// !$*UTF8*$!
{
	archiveVersion = 1;
	classes = {
	};
	objectVersion = 46;
	objects = {

/* Begin PBXBuildFile section */
		BBBB6DA11A13F9FF003155A4 /* main.m in Sources */ = {isa = PBXBuildFile; fileRef = BBBB6DA01A13F9FF003155A4 /* main.m */; };
		BBBB6DA41A13F9FF003155A4 /* AppDelegate.m in Sources */ = {isa = PBXBuildFile; fileRef = BBBB6DA31A13F9FF003155A4 /* AppDelegate.m */; };
		BBBB6DA71A13F9FF003155A4 /* ViewController.m in Sources */ = {isa = PBXBuildFile; fileRef = BBBB6DA61A13F9FF003155A4 /* ViewController.m */; };
		BBBB6DAA1A13F9FF003155A4 /* Main.storyboard in Resources */ = {isa = PBXBuildFile; fileRef = BBBB6DA81A13F9FF003155A4 /* Main.storyboard */; };
		BBBB6DAC1A13F9FF003155A4 /* Images.xcassets in Resources */ = {isa = PBXBuildFile; fileRef = BBBB6DAB1A13F9FF003155A4 /* Images.xcassets */; };
		BBBB6DAF1A13F9FF003155A4 /* LaunchScreen.xib in Resources */ = {isa = PBXBuildFile; fileRef = BBBB6DAD1A13F9FF003155A4 /* LaunchScreen.xib */; };
		BBBB6DBB1A13F9FF003155A4 /* BTBackgroundTestTests.m in Sources */ = {isa = PBXBuildFile; fileRef = BBBB6DBA1A13F9FF003155A4 /* BTBackgroundTestTests.m */; };
		BBBB6DC51A13FA20003155A4 /* CoreBluetooth.framework in Frameworks */ = {isa = PBXBuildFile; fileRef = BBBB6DC41A13FA20003155A4 /* CoreBluetooth.framework */; };
/* End PBXBuildFile section */

/* Begin PBXContainerItemProxy section */
		BBBB6DB51A13F9FF003155A4 /* PBXContainerItemProxy */ = {
			isa = PBXContainerItemProxy;
			containerPortal = BBBB6D931A13F9FF003155A4 /* Project object */;
			proxyType = 1;
			remoteGlobalIDString = BBBB6D9A1A13F9FF003155A4;
			remoteInfo = BTBackgroundTest;
		};
/* End PBXContainerItemProxy section */

/* Begin PBXFileReference section */
		BBBB6D9B1A13F9FF003155A4 /* BTBackgroundTest.app */ = {isa = PBXFileReference; explicitFileType = wrapper.application; includeInIndex = 0; path = BTBackgroundTest.app; sourceTree = BUILT_PRODUCTS_DIR; };
		BBBB6D9F1A13F9FF003155A4 /* Info.plist */ = {isa = PBXFileReference; lastKnownFileType = text.plist.xml; path = Info.plist; sourceTree = "<group>"; };
		BBBB6DA01A13F9FF003155A4 /* main.m */ = {isa = PBXFileReference; lastKnownFileType = sourcecode.c.objc; path = main.m; sourceTree = "<group>"; };
		BBBB6DA21A13F9FF003155A4 /* AppDelegate.h */ = {isa = PBXFileReference; lastKnownFileType = sourcecode.c.h; path = AppDelegate.h; sourceTree = "<group>"; };
		BBBB6DA31A13F9FF003155A4 /* AppDelegate.m */ = {isa = PBXFileReference; lastKnownFileType = sourcecode.c.objc; path = AppDelegate.m; sourceTree = "<group>"; };
		BBBB6DA51A13F9FF003155A4 /* ViewController.h */ = {isa = PBXFileReference; lastKnownFileType = sourcecode.c.h; path = ViewController.h; sourceTree = "<group>"; };
		BBBB6DA61A13F9FF003155A4 /* ViewController.m */ = {isa = PBXFileReference; lastKnownFileType = sourcecode.c.objc; path = ViewController.m; sourceTree = "<group>"; };
		BBBB6DA91A13F9FF003155A4 /* Base */ = {isa = PBXFileReference; lastKnownFileType = file.storyboard; name = Base; path = Base.lproj/Main.storyboard; sourceTree = "<group>"; };
		BBBB6DAB1A13F9FF003155A4 /* Images.xcassets */ = {isa = PBXFileReference; lastKnownFileType = folder.assetcatalog; path = Images.xcassets; sourceTree = "<group>"; };
		BBBB6DAE1A13F9FF003155A4 /* Base */ = {isa = PBXFileReference; lastKnownFileType = file.xib; name = Base; path = Base.lproj/LaunchScreen.xib; sourceTree = "<group>"; };
		BBBB6DB41A13F9FF003155A4 /* BTBackgroundTestTests.xctest */ = {isa = PBXFileReference; explicitFileType = wrapper.cfbundle; includeInIndex = 0; path = BTBackgroundTestTests.xctest; sourceTree = BUILT_PRODUCTS_DIR; };
		BBBB6DB91A13F9FF003155A4 /* Info.plist */ = {isa = PBXFileReference; lastKnownFileType = text.plist.xml; path = Info.plist; sourceTree = "<group>"; };
		BBBB6DBA1A13F9FF003155A4 /* BTBackgroundTestTests.m */ = {isa = PBXFileReference; lastKnownFileType = sourcecode.c.objc; path = BTBackgroundTestTests.m; sourceTree = "<group>"; };
		BBBB6DC41A13FA20003155A4 /* CoreBluetooth.framework */ = {isa = PBXFileReference; lastKnownFileType = wrapper.framework; name = CoreBluetooth.framework; path = System/Library/Frameworks/CoreBluetooth.framework; sourceTree = SDKROOT; };
/* End PBXFileReference section */

/* Begin PBXFrameworksBuildPhase section */
		BBBB6D981A13F9FF003155A4 /* Frameworks */ = {
			isa = PBXFrameworksBuildPhase;
			buildActionMask = 2147483647;
			files = (
				BBBB6DC51A13FA20003155A4 /* CoreBluetooth.framework in Frameworks */,
			);
			runOnlyForDeploymentPostprocessing = 0;
		};
		BBBB6DB11A13F9FF003155A4 /* Frameworks */ = {
			isa = PBXFrameworksBuildPhase;
			buildActionMask = 2147483647;
			files = (
			);
			runOnlyForDeploymentPostprocessing = 0;
		};
/* End PBXFrameworksBuildPhase section */

/* Begin PBXGroup section */
		BBBB6D921A13F9FF003155A4 = {
			isa = PBXGroup;
			children = (
				BBBB6DC41A13FA20003155A4 /* CoreBluetooth.framework */,
				BBBB6D9D1A13F9FF003155A4 /* BTBackgroundTest */,
				BBBB6DB71A13F9FF003155A4 /* BTBackgroundTestTests */,
				BBBB6D9C1A13F9FF003155A4 /* Products */,
			);
			sourceTree = "<group>";
		};
		BBBB6D9C1A13F9FF003155A4 /* Products */ = {
			isa = PBXGroup;
			children = (
				BBBB6D9B1A13F9FF003155A4 /* BTBackgroundTest.app */,
				BBBB6DB41A13F9FF003155A4 /* BTBackgroundTestTests.xctest */,
			);
			name = Products;
			sourceTree = "<group>";
		};
		BBBB6D9D1A13F9FF003155A4 /* BTBackgroundTest */ = {
			isa = PBXGroup;
			children = (
				BBBB6DA21A13F9FF003155A4 /* AppDelegate.h */,
				BBBB6DA31A13F9FF003155A4 /* AppDelegate.m */,
				BBBB6DA51A13F9FF003155A4 /* ViewController.h */,
				BBBB6DA61A13F9FF003155A4 /* ViewController.m */,
				BBBB6DA81A13F9FF003155A4 /* Main.storyboard */,
				BBBB6DAB1A13F9FF003155A4 /* Images.xcassets */,
				BBBB6DAD1A13F9FF003155A4 /* LaunchScreen.xib */,
				BBBB6D9E1A13F9FF003155A4 /* Supporting Files */,
			);
			path = BTBackgroundTest;
			sourceTree = "<group>";
		};
		BBBB6D9E1A13F9FF003155A4 /* Supporting Files */ = {
			isa = PBXGroup;
			children = (
				BBBB6D9F1A13F9FF003155A4 /* Info.plist */,
				BBBB6DA01A13F9FF003155A4 /* main.m */,
			);
			name = "Supporting Files";
			sourceTree = "<group>";
		};
		BBBB6DB71A13F9FF003155A4 /* BTBackgroundTestTests */ = {
			isa = PBXGroup;
			children = (
				BBBB6DBA1A13F9FF003155A4 /* BTBackgroundTestTests.m */,
				BBBB6DB81A13F9FF003155A4 /* Supporting Files */,
			);
			path = BTBackgroundTestTests;
			sourceTree = "<group>";
		};
		BBBB6DB81A13F9FF003155A4 /* Supporting Files */ = {
			isa = PBXGroup;
			children = (
				BBBB6DB91A13F9FF003155A4 /* Info.plist */,
			);
			name = "Supporting Files";
			sourceTree = "<group>";
		};
/* End PBXGroup section */

/* Begin PBXNativeTarget section */
		BBBB6D9A1A13F9FF003155A4 /* BTBackgroundTest */ = {
			isa = PBXNativeTarget;
			buildConfigurationList = BBBB6DBE1A13F9FF003155A4 /* Build configuration list for PBXNativeTarget "BTBackgroundTest" */;
			buildPhases = (
				BBBB6D971A13F9FF003155A4 /* Sources */,
				BBBB6D981A13F9FF003155A4 /* Frameworks */,
				BBBB6D991A13F9FF003155A4 /* Resources */,
			);
			buildRules = (
			);
			dependencies = (
			);
			name = BTBackgroundTest;
			productName = BTBackgroundTest;
			productReference = BBBB6D9B1A13F9FF003155A4 /* BTBackgroundTest.app */;
			productType = "com.apple.product-type.application";
		};
		BBBB6DB31A13F9FF003155A4 /* BTBackgroundTestTests */ = {
			isa = PBXNativeTarget;
			buildConfigurationList = BBBB6DC11A13F9FF003155A4 /* Build configuration list for PBXNativeTarget "BTBackgroundTestTests" */;
			buildPhases = (
				BBBB6DB01A13F9FF003155A4 /* Sources */,
				BBBB6DB11A13F9FF003155A4 /* Frameworks */,
				BBBB6DB21A13F9FF003155A4 /* Resources */,
			);
			buildRules = (
			);
			dependencies = (
				BBBB6DB61A13F9FF003155A4 /* PBXTargetDependency */,
			);
			name = BTBackgroundTestTests;
			productName = BTBackgroundTestTests;
			productReference = BBBB6DB41A13F9FF003155A4 /* BTBackgroundTestTests.xctest */;
			productType = "com.apple.product-type.bundle.unit-test";
		};
/* End PBXNativeTarget section */

/* Begin PBXProject section */
		BBBB6D931A13F9FF003155A4 /* Project object */ = {
			isa = PBXProject;
			attributes = {
				LastUpgradeCheck = 0610;
				ORGANIZATIONNAME = "Paul Wilkinson";
				TargetAttributes = {
					BBBB6D9A1A13F9FF003155A4 = {
						CreatedOnToolsVersion = 6.1;
						SystemCapabilities = {
							com.apple.BackgroundModes = {
								enabled = 1;
							};
						};
					};
					BBBB6DB31A13F9FF003155A4 = {
						CreatedOnToolsVersion = 6.1;
						TestTargetID = BBBB6D9A1A13F9FF003155A4;
					};
				};
			};
			buildConfigurationList = BBBB6D961A13F9FF003155A4 /* Build configuration list for PBXProject "BTBackgroundTest" */;
			compatibilityVersion = "Xcode 3.2";
			developmentRegion = English;
			hasScannedForEncodings = 0;
			knownRegions = (
				en,
				Base,
			);
			mainGroup = BBBB6D921A13F9FF003155A4;
			productRefGroup = BBBB6D9C1A13F9FF003155A4 /* Products */;
			projectDirPath = "";
			projectRoot = "";
			targets = (
				BBBB6D9A1A13F9FF003155A4 /* BTBackgroundTest */,
				BBBB6DB31A13F9FF003155A4 /* BTBackgroundTestTests */,
			);
		};
/* End PBXProject section */

/* Begin PBXResourcesBuildPhase section */
		BBBB6D991A13F9FF003155A4 /* Resources */ = {
			isa = PBXResourcesBuildPhase;
			buildActionMask = 2147483647;
			files = (
				BBBB6DAA1A13F9FF003155A4 /* Main.storyboard in Resources */,
				BBBB6DAF1A13F9FF003155A4 /* LaunchScreen.xib in Resources */,
				BBBB6DAC1A13F9FF003155A4 /* Images.xcassets in Resources */,
			);
			runOnlyForDeploymentPostprocessing = 0;
		};
		BBBB6DB21A13F9FF003155A4 /* Resources */ = {
			isa = PBXResourcesBuildPhase;
			buildActionMask = 2147483647;
			files = (
			);
			runOnlyForDeploymentPostprocessing = 0;
		};
/* End PBXResourcesBuildPhase section */

/* Begin PBXSourcesBuildPhase section */
		BBBB6D971A13F9FF003155A4 /* Sources */ = {
			isa = PBXSourcesBuildPhase;
			buildActionMask = 2147483647;
			files = (
				BBBB6DA71A13F9FF003155A4 /* ViewController.m in Sources */,
				BBBB6DA41A13F9FF003155A4 /* AppDelegate.m in Sources */,
				BBBB6DA11A13F9FF003155A4 /* main.m in Sources */,
			);
			runOnlyForDeploymentPostprocessing = 0;
		};
		BBBB6DB01A13F9FF003155A4 /* Sources */ = {
			isa = PBXSourcesBuildPhase;
			buildActionMask = 2147483647;
			files = (
				BBBB6DBB1A13F9FF003155A4 /* BTBackgroundTestTests.m in Sources */,
			);
			runOnlyForDeploymentPostprocessing = 0;
		};
/* End PBXSourcesBuildPhase section */

/* Begin PBXTargetDependency section */
		BBBB6DB61A13F9FF003155A4 /* PBXTargetDependency */ = {
			isa = PBXTargetDependency;
			target = BBBB6D9A1A13F9FF003155A4 /* BTBackgroundTest */;
			targetProxy = BBBB6DB51A13F9FF003155A4 /* PBXContainerItemProxy */;
		};
/* End PBXTargetDependency section */

/* Begin PBXVariantGroup section */
		BBBB6DA81A13F9FF003155A4 /* Main.storyboard */ = {
			isa = PBXVariantGroup;
			children = (
				BBBB6DA91A13F9FF003155A4 /* Base */,
			);
			name = Main.storyboard;
			sourceTree = "<group>";
		};
		BBBB6DAD1A13F9FF003155A4 /* LaunchScreen.xib */ = {
			isa = PBXVariantGroup;
			children = (
				BBBB6DAE1A13F9FF003155A4 /* Base */,
			);
			name = LaunchScreen.xib;
			sourceTree = "<group>";
		};
/* End PBXVariantGroup section */

/* Begin XCBuildConfiguration section */
		BBBB6DBC1A13F9FF003155A4 /* Debug */ = {
			isa = XCBuildConfiguration;
			buildSettings = {
				ALWAYS_SEARCH_USER_PATHS = NO;
				CLANG_CXX_LANGUAGE_STANDARD = "gnu++0x";
				CLANG_CXX_LIBRARY = "libc++";
				CLANG_ENABLE_MODULES = YES;
				CLANG_ENABLE_OBJC_ARC = YES;
				CLANG_WARN_BOOL_CONVERSION = YES;
				CLANG_WARN_CONSTANT_CONVERSION = YES;
				CLANG_WARN_DIRECT_OBJC_ISA_USAGE = YES_ERROR;
				CLANG_WARN_EMPTY_BODY = YES;
				CLANG_WARN_ENUM_CONVERSION = YES;
				CLANG_WARN_INT_CONVERSION = YES;
				CLANG_WARN_OBJC_ROOT_CLASS = YES_ERROR;
				CLANG_WARN_UNREACHABLE_CODE = YES;
				CLANG_WARN__DUPLICATE_METHOD_MATCH = YES;
				"CODE_SIGN_IDENTITY[sdk=iphoneos*]" = "iPhone Developer";
				COPY_PHASE_STRIP = NO;
				ENABLE_STRICT_OBJC_MSGSEND = YES;
				GCC_C_LANGUAGE_STANDARD = gnu99;
				GCC_DYNAMIC_NO_PIC = NO;
				GCC_OPTIMIZATION_LEVEL = 0;
				GCC_PREPROCESSOR_DEFINITIONS = (
					"DEBUG=1",
					"$(inherited)",
				);
				GCC_SYMBOLS_PRIVATE_EXTERN = NO;
				GCC_WARN_64_TO_32_BIT_CONVERSION = YES;
				GCC_WARN_ABOUT_RETURN_TYPE = YES_ERROR;
				GCC_WARN_UNDECLARED_SELECTOR = YES;
				GCC_WARN_UNINITIALIZED_AUTOS = YES_AGGRESSIVE;
				GCC_WARN_UNUSED_FUNCTION = YES;
				GCC_WARN_UNUSED_VARIABLE = YES;
				IPHONEOS_DEPLOYMENT_TARGET = 7.0;
				MTL_ENABLE_DEBUG_INFO = YES;
				ONLY_ACTIVE_ARCH = YES;
				SDKROOT = iphoneos;
				TARGETED_DEVICE_FAMILY = "1,2";
			};
			name = Debug;
		};
		BBBB6DBD1A13F9FF003155A4 /* Release */ = {
			isa = XCBuildConfiguration;
			buildSettings = {
				ALWAYS_SEARCH_USER_PATHS = NO;
				CLANG_CXX_LANGUAGE_STANDARD = "gnu++0x";
				CLANG_CXX_LIBRARY = "libc++";
				CLANG_ENABLE_MODULES = YES;
				CLANG_ENABLE_OBJC_ARC = YES;
				CLANG_WARN_BOOL_CONVERSION = YES;
				CLANG_WARN_CONSTANT_CONVERSION = YES;
				CLANG_WARN_DIRECT_OBJC_ISA_USAGE = YES_ERROR;
				CLANG_WARN_EMPTY_BODY = YES;
				CLANG_WARN_ENUM_CONVERSION = YES;
				CLANG_WARN_INT_CONVERSION = YES;
				CLANG_WARN_OBJC_ROOT_CLASS = YES_ERROR;
				CLANG_WARN_UNREACHABLE_CODE = YES;
				CLANG_WARN__DUPLICATE_METHOD_MATCH = YES;
				"CODE_SIGN_IDENTITY[sdk=iphoneos*]" = "iPhone Developer";
				COPY_PHASE_STRIP = YES;
				ENABLE_NS_ASSERTIONS = NO;
				ENABLE_STRICT_OBJC_MSGSEND = YES;
				GCC_C_LANGUAGE_STANDARD = gnu99;
				GCC_WARN_64_TO_32_BIT_CONVERSION = YES;
				GCC_WARN_ABOUT_RETURN_TYPE = YES_ERROR;
				GCC_WARN_UNDECLARED_SELECTOR = YES;
				GCC_WARN_UNINITIALIZED_AUTOS = YES_AGGRESSIVE;
				GCC_WARN_UNUSED_FUNCTION = YES;
				GCC_WARN_UNUSED_VARIABLE = YES;
				IPHONEOS_DEPLOYMENT_TARGET = 7.0;
				MTL_ENABLE_DEBUG_INFO = NO;
				SDKROOT = iphoneos;
				TARGETED_DEVICE_FAMILY = "1,2";
				VALIDATE_PRODUCT = YES;
			};
			name = Release;
		};
		BBBB6DBF1A13F9FF003155A4 /* Debug */ = {
			isa = XCBuildConfiguration;
			buildSettings = {
				ASSETCATALOG_COMPILER_APPICON_NAME = AppIcon;
				INFOPLIST_FILE = BTBackgroundTest/Info.plist;
				LD_RUNPATH_SEARCH_PATHS = "$(inherited) @executable_path/Frameworks";
				PRODUCT_NAME = "$(TARGET_NAME)";
			};
			name = Debug;
		};
		BBBB6DC01A13F9FF003155A4 /* Release */ = {
			isa = XCBuildConfiguration;
			buildSettings = {
				ASSETCATALOG_COMPILER_APPICON_NAME = AppIcon;
				INFOPLIST_FILE = BTBackgroundTest/Info.plist;
				LD_RUNPATH_SEARCH_PATHS = "$(inherited) @executable_path/Frameworks";
				PRODUCT_NAME = "$(TARGET_NAME)";
			};
			name = Release;
		};
		BBBB6DC21A13F9FF003155A4 /* Debug */ = {
			isa = XCBuildConfiguration;
			buildSettings = {
				BUNDLE_LOADER = "$(TEST_HOST)";
				FRAMEWORK_SEARCH_PATHS = (
					"$(SDKROOT)/Developer/Library/Frameworks",
					"$(inherited)",
				);
				GCC_PREPROCESSOR_DEFINITIONS = (
					"DEBUG=1",
					"$(inherited)",
				);
				INFOPLIST_FILE = BTBackgroundTestTests/Info.plist;
				LD_RUNPATH_SEARCH_PATHS = "$(inherited) @executable_path/Frameworks @loader_path/Frameworks";
				PRODUCT_NAME = "$(TARGET_NAME)";
				TEST_HOST = "$(BUILT_PRODUCTS_DIR)/BTBackgroundTest.app/BTBackgroundTest";
			};
			name = Debug;
		};
		BBBB6DC31A13F9FF003155A4 /* Release */ = {
			isa = XCBuildConfiguration;
			buildSettings = {
				BUNDLE_LOADER = "$(TEST_HOST)";
				FRAMEWORK_SEARCH_PATHS = (
					"$(SDKROOT)/Developer/Library/Frameworks",
					"$(inherited)",
				);
				INFOPLIST_FILE = BTBackgroundTestTests/Info.plist;
				LD_RUNPATH_SEARCH_PATHS = "$(inherited) @executable_path/Frameworks @loader_path/Frameworks";
				PRODUCT_NAME = "$(TARGET_NAME)";
				TEST_HOST = "$(BUILT_PRODUCTS_DIR)/BTBackgroundTest.app/BTBackgroundTest";
			};
			name = Release;
		};
/* End XCBuildConfiguration section */

/* Begin XCConfigurationList section */
		BBBB6D961A13F9FF003155A4 /* Build configuration list for PBXProject "BTBackgroundTest" */ = {
			isa = XCConfigurationList;
			buildConfigurations = (
				BBBB6DBC1A13F9FF003155A4 /* Debug */,
				BBBB6DBD1A13F9FF003155A4 /* Release */,
			);
			defaultConfigurationIsVisible = 0;
			defaultConfigurationName = Release;
		};
		BBBB6DBE1A13F9FF003155A4 /* Build configuration list for PBXNativeTarget "BTBackgroundTest" */ = {
			isa = XCConfigurationList;
			buildConfigurations = (
				BBBB6DBF1A13F9FF003155A4 /* Debug */,
				BBBB6DC01A13F9FF003155A4 /* Release */,
			);
			defaultConfigurationIsVisible = 0;
		};
		BBBB6DC11A13F9FF003155A4 /* Build configuration list for PBXNativeTarget "BTBackgroundTestTests" */ = {
			isa = XCConfigurationList;
			buildConfigurations = (
				BBBB6DC21A13F9FF003155A4 /* Debug */,
				BBBB6DC31A13F9FF003155A4 /* Release */,
			);
			defaultConfigurationIsVisible = 0;
		};
/* End XCConfigurationList section */
	};
	rootObject = BBBB6D931A13F9FF003155A4 /* Project object */;
}
